// !$*UTF8*$!
{
	archiveVersion = 1;
	classes = {
	};
	objectVersion = 55;
	objects = {

/* Begin PBXBuildFile section */
		121BA306D05F0B0C4D8F2707 /* Pods_MigrosApp_MigrosAppUITests.framework in Frameworks */ = {isa = PBXBuildFile; fileRef = E0A351AF78342597D3DB4E85 /* Pods_MigrosApp_MigrosAppUITests.framework */; };
		4F3F4B35276D5FE90006456D /* ProductStruct.swift in Sources */ = {isa = PBXBuildFile; fileRef = 4F3F4B34276D5FE90006456D /* ProductStruct.swift */; };
		4F979798276BDFB1007537D4 /* HeaderLabelTableViewCell.swift in Sources */ = {isa = PBXBuildFile; fileRef = 4F979796276BDFB1007537D4 /* HeaderLabelTableViewCell.swift */; };
		4F979799276BDFB1007537D4 /* HeaderLabelTableViewCell.xib in Resources */ = {isa = PBXBuildFile; fileRef = 4F979797276BDFB1007537D4 /* HeaderLabelTableViewCell.xib */; };
		4F97979E276BE202007537D4 /* CollectionViewCell.swift in Sources */ = {isa = PBXBuildFile; fileRef = 4F97979C276BE202007537D4 /* CollectionViewCell.swift */; };
		4F97979F276BE202007537D4 /* CollectionViewCell.xib in Resources */ = {isa = PBXBuildFile; fileRef = 4F97979D276BE202007537D4 /* CollectionViewCell.xib */; };
		4F9797A3276BE232007537D4 /* ProductCell.swift in Sources */ = {isa = PBXBuildFile; fileRef = 4F9797A1276BE232007537D4 /* ProductCell.swift */; };
		4F9797A4276BE232007537D4 /* ProductCell.xib in Resources */ = {isa = PBXBuildFile; fileRef = 4F9797A2276BE232007537D4 /* ProductCell.xib */; };
		4F9797AD276BEB38007537D4 /* UIVİEW+Extensions.swift in Sources */ = {isa = PBXBuildFile; fileRef = 4F9797AC276BEB38007537D4 /* UIVİEW+Extensions.swift */; };
		4F9797B1276BEB8C007537D4 /* ButtonCell.swift in Sources */ = {isa = PBXBuildFile; fileRef = 4F9797AF276BEB8B007537D4 /* ButtonCell.swift */; };
		4F9797B2276BEB8C007537D4 /* ButtonCell.xib in Resources */ = {isa = PBXBuildFile; fileRef = 4F9797B0276BEB8C007537D4 /* ButtonCell.xib */; };
		4FB4C153276A88C600065FC0 /* AppDelegate.swift in Sources */ = {isa = PBXBuildFile; fileRef = 4FB4C152276A88C600065FC0 /* AppDelegate.swift */; };
		4FB4C155276A88C600065FC0 /* SceneDelegate.swift in Sources */ = {isa = PBXBuildFile; fileRef = 4FB4C154276A88C600065FC0 /* SceneDelegate.swift */; };
		4FB4C157276A88C600065FC0 /* ViewController.swift in Sources */ = {isa = PBXBuildFile; fileRef = 4FB4C156276A88C600065FC0 /* ViewController.swift */; };
		4FB4C15A276A88C600065FC0 /* Main.storyboard in Resources */ = {isa = PBXBuildFile; fileRef = 4FB4C158276A88C600065FC0 /* Main.storyboard */; };
		4FB4C15C276A88C800065FC0 /* Assets.xcassets in Resources */ = {isa = PBXBuildFile; fileRef = 4FB4C15B276A88C800065FC0 /* Assets.xcassets */; };
		4FB4C15F276A88C800065FC0 /* LaunchScreen.storyboard in Resources */ = {isa = PBXBuildFile; fileRef = 4FB4C15D276A88C800065FC0 /* LaunchScreen.storyboard */; };
		4FB4C16A276A88C800065FC0 /* MigrosAppTests.swift in Sources */ = {isa = PBXBuildFile; fileRef = 4FB4C169276A88C800065FC0 /* MigrosAppTests.swift */; };
		4FB4C174276A88C900065FC0 /* MigrosAppUITests.swift in Sources */ = {isa = PBXBuildFile; fileRef = 4FB4C173276A88C900065FC0 /* MigrosAppUITests.swift */; };
		4FB4C176276A88C900065FC0 /* MigrosAppUITestsLaunchTests.swift in Sources */ = {isa = PBXBuildFile; fileRef = 4FB4C175276A88C900065FC0 /* MigrosAppUITestsLaunchTests.swift */; };
		4FB4C187276A8AF800065FC0 /* searchBarCell.swift in Sources */ = {isa = PBXBuildFile; fileRef = 4FB4C185276A8AF800065FC0 /* searchBarCell.swift */; };
		4FB4C188276A8AF800065FC0 /* searchBarCell.xib in Resources */ = {isa = PBXBuildFile; fileRef = 4FB4C186276A8AF800065FC0 /* searchBarCell.xib */; };
		4FCDDCEF276D1CE50053BB69 /* ImageSliderCell.swift in Sources */ = {isa = PBXBuildFile; fileRef = 4FCDDCED276D1CE50053BB69 /* ImageSliderCell.swift */; };
		4FCDDCF0276D1CE50053BB69 /* ImageSliderCell.xib in Resources */ = {isa = PBXBuildFile; fileRef = 4FCDDCEE276D1CE50053BB69 /* ImageSliderCell.xib */; };
		4FCDDCF4276D1DC20053BB69 /* SliderCollectionViewCell.swift in Sources */ = {isa = PBXBuildFile; fileRef = 4FCDDCF2276D1DC20053BB69 /* SliderCollectionViewCell.swift */; };
		4FCDDCF5276D1DC20053BB69 /* SliderCollectionViewCell.xib in Resources */ = {isa = PBXBuildFile; fileRef = 4FCDDCF3276D1DC20053BB69 /* SliderCollectionViewCell.xib */; };
		7E52F6B9F785C9E67AAB61EC /* Pods_MigrosAppTests.framework in Frameworks */ = {isa = PBXBuildFile; fileRef = 3CAC26E8DA17BA94B4728A41 /* Pods_MigrosAppTests.framework */; };
		F38DCC33E69459557495C609 /* Pods_MigrosApp.framework in Frameworks */ = {isa = PBXBuildFile; fileRef = 1A82DB34DFE36D32EA63812A /* Pods_MigrosApp.framework */; };
/* End PBXBuildFile section */

/* Begin PBXContainerItemProxy section */
		4FB4C166276A88C800065FC0 /* PBXContainerItemProxy */ = {
			isa = PBXContainerItemProxy;
			containerPortal = 4FB4C147276A88C600065FC0 /* Project object */;
			proxyType = 1;
			remoteGlobalIDString = 4FB4C14E276A88C600065FC0;
			remoteInfo = MigrosApp;
		};
		4FB4C170276A88C900065FC0 /* PBXContainerItemProxy */ = {
			isa = PBXContainerItemProxy;
			containerPortal = 4FB4C147276A88C600065FC0 /* Project object */;
			proxyType = 1;
			remoteGlobalIDString = 4FB4C14E276A88C600065FC0;
			remoteInfo = MigrosApp;
		};
/* End PBXContainerItemProxy section */

/* Begin PBXFileReference section */
		168773D40297B790B40C28AB /* Pods-MigrosApp.debug.xcconfig */ = {isa = PBXFileReference; includeInIndex = 1; lastKnownFileType = text.xcconfig; name = "Pods-MigrosApp.debug.xcconfig"; path = "Target Support Files/Pods-MigrosApp/Pods-MigrosApp.debug.xcconfig"; sourceTree = "<group>"; };
		1A82DB34DFE36D32EA63812A /* Pods_MigrosApp.framework */ = {isa = PBXFileReference; explicitFileType = wrapper.framework; includeInIndex = 0; path = Pods_MigrosApp.framework; sourceTree = BUILT_PRODUCTS_DIR; };
		3A80E45B9529BD59AB30E9D3 /* Pods-MigrosApp-MigrosAppUITests.debug.xcconfig */ = {isa = PBXFileReference; includeInIndex = 1; lastKnownFileType = text.xcconfig; name = "Pods-MigrosApp-MigrosAppUITests.debug.xcconfig"; path = "Target Support Files/Pods-MigrosApp-MigrosAppUITests/Pods-MigrosApp-MigrosAppUITests.debug.xcconfig"; sourceTree = "<group>"; };
		3CAC26E8DA17BA94B4728A41 /* Pods_MigrosAppTests.framework */ = {isa = PBXFileReference; explicitFileType = wrapper.framework; includeInIndex = 0; path = Pods_MigrosAppTests.framework; sourceTree = BUILT_PRODUCTS_DIR; };
		4F3F4B34276D5FE90006456D /* ProductStruct.swift */ = {isa = PBXFileReference; lastKnownFileType = sourcecode.swift; path = ProductStruct.swift; sourceTree = "<group>"; };
		4F979796276BDFB1007537D4 /* HeaderLabelTableViewCell.swift */ = {isa = PBXFileReference; lastKnownFileType = sourcecode.swift; path = HeaderLabelTableViewCell.swift; sourceTree = "<group>"; };
		4F979797276BDFB1007537D4 /* HeaderLabelTableViewCell.xib */ = {isa = PBXFileReference; lastKnownFileType = file.xib; path = HeaderLabelTableViewCell.xib; sourceTree = "<group>"; };
		4F97979C276BE202007537D4 /* CollectionViewCell.swift */ = {isa = PBXFileReference; lastKnownFileType = sourcecode.swift; path = CollectionViewCell.swift; sourceTree = "<group>"; };
		4F97979D276BE202007537D4 /* CollectionViewCell.xib */ = {isa = PBXFileReference; lastKnownFileType = file.xib; path = CollectionViewCell.xib; sourceTree = "<group>"; };
		4F9797A1276BE232007537D4 /* ProductCell.swift */ = {isa = PBXFileReference; lastKnownFileType = sourcecode.swift; path = ProductCell.swift; sourceTree = "<group>"; };
		4F9797A2276BE232007537D4 /* ProductCell.xib */ = {isa = PBXFileReference; lastKnownFileType = file.xib; path = ProductCell.xib; sourceTree = "<group>"; };
		4F9797AC276BEB38007537D4 /* UIVİEW+Extensions.swift */ = {isa = PBXFileReference; lastKnownFileType = sourcecode.swift; path = "UIVİEW+Extensions.swift"; sourceTree = "<group>"; };
		4F9797AF276BEB8B007537D4 /* ButtonCell.swift */ = {isa = PBXFileReference; lastKnownFileType = sourcecode.swift; path = ButtonCell.swift; sourceTree = "<group>"; };
		4F9797B0276BEB8C007537D4 /* ButtonCell.xib */ = {isa = PBXFileReference; lastKnownFileType = file.xib; path = ButtonCell.xib; sourceTree = "<group>"; };
		4FB4C14F276A88C600065FC0 /* MigrosApp.app */ = {isa = PBXFileReference; explicitFileType = wrapper.application; includeInIndex = 0; path = MigrosApp.app; sourceTree = BUILT_PRODUCTS_DIR; };
		4FB4C152276A88C600065FC0 /* AppDelegate.swift */ = {isa = PBXFileReference; lastKnownFileType = sourcecode.swift; path = AppDelegate.swift; sourceTree = "<group>"; };
		4FB4C154276A88C600065FC0 /* SceneDelegate.swift */ = {isa = PBXFileReference; lastKnownFileType = sourcecode.swift; path = SceneDelegate.swift; sourceTree = "<group>"; };
		4FB4C156276A88C600065FC0 /* ViewController.swift */ = {isa = PBXFileReference; lastKnownFileType = sourcecode.swift; path = ViewController.swift; sourceTree = "<group>"; };
		4FB4C159276A88C600065FC0 /* Base */ = {isa = PBXFileReference; lastKnownFileType = file.storyboard; name = Base; path = Base.lproj/Main.storyboard; sourceTree = "<group>"; };
		4FB4C15B276A88C800065FC0 /* Assets.xcassets */ = {isa = PBXFileReference; lastKnownFileType = folder.assetcatalog; path = Assets.xcassets; sourceTree = "<group>"; };
		4FB4C15E276A88C800065FC0 /* Base */ = {isa = PBXFileReference; lastKnownFileType = file.storyboard; name = Base; path = Base.lproj/LaunchScreen.storyboard; sourceTree = "<group>"; };
		4FB4C160276A88C800065FC0 /* Info.plist */ = {isa = PBXFileReference; lastKnownFileType = text.plist.xml; path = Info.plist; sourceTree = "<group>"; };
		4FB4C165276A88C800065FC0 /* MigrosAppTests.xctest */ = {isa = PBXFileReference; explicitFileType = wrapper.cfbundle; includeInIndex = 0; path = MigrosAppTests.xctest; sourceTree = BUILT_PRODUCTS_DIR; };
		4FB4C169276A88C800065FC0 /* MigrosAppTests.swift */ = {isa = PBXFileReference; lastKnownFileType = sourcecode.swift; path = MigrosAppTests.swift; sourceTree = "<group>"; };
		4FB4C16F276A88C900065FC0 /* MigrosAppUITests.xctest */ = {isa = PBXFileReference; explicitFileType = wrapper.cfbundle; includeInIndex = 0; path = MigrosAppUITests.xctest; sourceTree = BUILT_PRODUCTS_DIR; };
		4FB4C173276A88C900065FC0 /* MigrosAppUITests.swift */ = {isa = PBXFileReference; lastKnownFileType = sourcecode.swift; path = MigrosAppUITests.swift; sourceTree = "<group>"; };
		4FB4C175276A88C900065FC0 /* MigrosAppUITestsLaunchTests.swift */ = {isa = PBXFileReference; lastKnownFileType = sourcecode.swift; path = MigrosAppUITestsLaunchTests.swift; sourceTree = "<group>"; };
		4FB4C185276A8AF800065FC0 /* searchBarCell.swift */ = {isa = PBXFileReference; lastKnownFileType = sourcecode.swift; path = searchBarCell.swift; sourceTree = "<group>"; };
		4FB4C186276A8AF800065FC0 /* searchBarCell.xib */ = {isa = PBXFileReference; lastKnownFileType = file.xib; path = searchBarCell.xib; sourceTree = "<group>"; };
		4FCDDCED276D1CE50053BB69 /* ImageSliderCell.swift */ = {isa = PBXFileReference; lastKnownFileType = sourcecode.swift; path = ImageSliderCell.swift; sourceTree = "<group>"; };
		4FCDDCEE276D1CE50053BB69 /* ImageSliderCell.xib */ = {isa = PBXFileReference; lastKnownFileType = file.xib; path = ImageSliderCell.xib; sourceTree = "<group>"; };
		4FCDDCF2276D1DC20053BB69 /* SliderCollectionViewCell.swift */ = {isa = PBXFileReference; lastKnownFileType = sourcecode.swift; path = SliderCollectionViewCell.swift; sourceTree = "<group>"; };
		4FCDDCF3276D1DC20053BB69 /* SliderCollectionViewCell.xib */ = {isa = PBXFileReference; lastKnownFileType = file.xib; path = SliderCollectionViewCell.xib; sourceTree = "<group>"; };
		9E2C7E06150748BBBC8A831B /* Pods-MigrosApp-MigrosAppUITests.release.xcconfig */ = {isa = PBXFileReference; includeInIndex = 1; lastKnownFileType = text.xcconfig; name = "Pods-MigrosApp-MigrosAppUITests.release.xcconfig"; path = "Target Support Files/Pods-MigrosApp-MigrosAppUITests/Pods-MigrosApp-MigrosAppUITests.release.xcconfig"; sourceTree = "<group>"; };
		C2D00BFB36B13A70927DC76C /* Pods-MigrosAppTests.debug.xcconfig */ = {isa = PBXFileReference; includeInIndex = 1; lastKnownFileType = text.xcconfig; name = "Pods-MigrosAppTests.debug.xcconfig"; path = "Target Support Files/Pods-MigrosAppTests/Pods-MigrosAppTests.debug.xcconfig"; sourceTree = "<group>"; };
		DAA5D54FFCAE928C71508359 /* Pods-MigrosAppTests.release.xcconfig */ = {isa = PBXFileReference; includeInIndex = 1; lastKnownFileType = text.xcconfig; name = "Pods-MigrosAppTests.release.xcconfig"; path = "Target Support Files/Pods-MigrosAppTests/Pods-MigrosAppTests.release.xcconfig"; sourceTree = "<group>"; };
		DD0CE0037E7CC832568B3957 /* Pods-MigrosApp.release.xcconfig */ = {isa = PBXFileReference; includeInIndex = 1; lastKnownFileType = text.xcconfig; name = "Pods-MigrosApp.release.xcconfig"; path = "Target Support Files/Pods-MigrosApp/Pods-MigrosApp.release.xcconfig"; sourceTree = "<group>"; };
		E0A351AF78342597D3DB4E85 /* Pods_MigrosApp_MigrosAppUITests.framework */ = {isa = PBXFileReference; explicitFileType = wrapper.framework; includeInIndex = 0; path = Pods_MigrosApp_MigrosAppUITests.framework; sourceTree = BUILT_PRODUCTS_DIR; };
/* End PBXFileReference section */

/* Begin PBXFrameworksBuildPhase section */
		4FB4C14C276A88C600065FC0 /* Frameworks */ = {
			isa = PBXFrameworksBuildPhase;
			buildActionMask = 2147483647;
			files = (
				F38DCC33E69459557495C609 /* Pods_MigrosApp.framework in Frameworks */,
			);
			runOnlyForDeploymentPostprocessing = 0;
		};
		4FB4C162276A88C800065FC0 /* Frameworks */ = {
			isa = PBXFrameworksBuildPhase;
			buildActionMask = 2147483647;
			files = (
				7E52F6B9F785C9E67AAB61EC /* Pods_MigrosAppTests.framework in Frameworks */,
			);
			runOnlyForDeploymentPostprocessing = 0;
		};
		4FB4C16C276A88C900065FC0 /* Frameworks */ = {
			isa = PBXFrameworksBuildPhase;
			buildActionMask = 2147483647;
			files = (
				121BA306D05F0B0C4D8F2707 /* Pods_MigrosApp_MigrosAppUITests.framework in Frameworks */,
			);
			runOnlyForDeploymentPostprocessing = 0;
		};
/* End PBXFrameworksBuildPhase section */

/* Begin PBXGroup section */
		0B113A7EEBC3E91D2C313C8B /* Frameworks */ = {
			isa = PBXGroup;
			children = (
				1A82DB34DFE36D32EA63812A /* Pods_MigrosApp.framework */,
				E0A351AF78342597D3DB4E85 /* Pods_MigrosApp_MigrosAppUITests.framework */,
				3CAC26E8DA17BA94B4728A41 /* Pods_MigrosAppTests.framework */,
			);
			name = Frameworks;
			sourceTree = "<group>";
		};
		1E94EE8EC8A6B6303E215DA7 /* Pods */ = {
			isa = PBXGroup;
			children = (
				168773D40297B790B40C28AB /* Pods-MigrosApp.debug.xcconfig */,
				DD0CE0037E7CC832568B3957 /* Pods-MigrosApp.release.xcconfig */,
				3A80E45B9529BD59AB30E9D3 /* Pods-MigrosApp-MigrosAppUITests.debug.xcconfig */,
				9E2C7E06150748BBBC8A831B /* Pods-MigrosApp-MigrosAppUITests.release.xcconfig */,
				C2D00BFB36B13A70927DC76C /* Pods-MigrosAppTests.debug.xcconfig */,
				DAA5D54FFCAE928C71508359 /* Pods-MigrosAppTests.release.xcconfig */,
			);
			name = Pods;
			path = Pods;
			sourceTree = "<group>";
		};
		4F3F4B32276D5FBD0006456D /* Product Struct */ = {
			isa = PBXGroup;
			children = (
				4F3F4B34276D5FE90006456D /* ProductStruct.swift */,
			);
			path = "Product Struct";
			sourceTree = "<group>";
		};
		4F979795276BDF81007537D4 /* Header Label Cell */ = {
			isa = PBXGroup;
			children = (
				4F979796276BDFB1007537D4 /* HeaderLabelTableViewCell.swift */,
				4F979797276BDFB1007537D4 /* HeaderLabelTableViewCell.xib */,
			);
			path = "Header Label Cell";
			sourceTree = "<group>";
		};
		4F97979A276BE1DF007537D4 /* Collection View Cell */ = {
			isa = PBXGroup;
			children = (
				4F9797A0276BE205007537D4 /* ProductCell */,
				4F97979C276BE202007537D4 /* CollectionViewCell.swift */,
				4F97979D276BE202007537D4 /* CollectionViewCell.xib */,
			);
			path = "Collection View Cell";
			sourceTree = "<group>";
		};
		4F9797A0276BE205007537D4 /* ProductCell */ = {
			isa = PBXGroup;
			children = (
				4F9797A1276BE232007537D4 /* ProductCell.swift */,
				4F9797A2276BE232007537D4 /* ProductCell.xib */,
			);
			path = ProductCell;
			sourceTree = "<group>";
		};
		4F9797A5276BE9EA007537D4 /* Button Cell */ = {
			isa = PBXGroup;
			children = (
				4F9797AF276BEB8B007537D4 /* ButtonCell.swift */,
				4F9797B0276BEB8C007537D4 /* ButtonCell.xib */,
			);
			path = "Button Cell";
			sourceTree = "<group>";
		};
		4F9797AB276BEB21007537D4 /* Extensions */ = {
			isa = PBXGroup;
			children = (
				4F9797AC276BEB38007537D4 /* UIVİEW+Extensions.swift */,
			);
			path = Extensions;
			sourceTree = "<group>";
		};
		4FB4C146276A88C600065FC0 = {
			isa = PBXGroup;
			children = (
				4FB4C151276A88C600065FC0 /* MigrosApp */,
				4FB4C168276A88C800065FC0 /* MigrosAppTests */,
				4FB4C172276A88C900065FC0 /* MigrosAppUITests */,
				4FB4C150276A88C600065FC0 /* Products */,
				1E94EE8EC8A6B6303E215DA7 /* Pods */,
				0B113A7EEBC3E91D2C313C8B /* Frameworks */,
			);
			sourceTree = "<group>";
		};
		4FB4C150276A88C600065FC0 /* Products */ = {
			isa = PBXGroup;
			children = (
				4FB4C14F276A88C600065FC0 /* MigrosApp.app */,
				4FB4C165276A88C800065FC0 /* MigrosAppTests.xctest */,
				4FB4C16F276A88C900065FC0 /* MigrosAppUITests.xctest */,
			);
			name = Products;
			sourceTree = "<group>";
		};
		4FB4C151276A88C600065FC0 /* MigrosApp */ = {
			isa = PBXGroup;
			children = (
				4FB4C160276A88C800065FC0 /* Info.plist */,
				4FB4C15B276A88C800065FC0 /* Assets.xcassets */,
				4FB4C152276A88C600065FC0 /* AppDelegate.swift */,
				4FB4C154276A88C600065FC0 /* SceneDelegate.swift */,
				4F9797AB276BEB21007537D4 /* Extensions */,
				4F3F4B32276D5FBD0006456D /* Product Struct */,
				4FB4C184276A8A1F00065FC0 /* Cells */,
				4FB4C183276A893C00065FC0 /* Storyboards */,
				4FB4C182276A893000065FC0 /* Views */,
			);
			path = MigrosApp;
			sourceTree = "<group>";
		};
		4FB4C168276A88C800065FC0 /* MigrosAppTests */ = {
			isa = PBXGroup;
			children = (
				4FB4C169276A88C800065FC0 /* MigrosAppTests.swift */,
			);
			path = MigrosAppTests;
			sourceTree = "<group>";
		};
		4FB4C172276A88C900065FC0 /* MigrosAppUITests */ = {
			isa = PBXGroup;
			children = (
				4FB4C173276A88C900065FC0 /* MigrosAppUITests.swift */,
				4FB4C175276A88C900065FC0 /* MigrosAppUITestsLaunchTests.swift */,
			);
			path = MigrosAppUITests;
			sourceTree = "<group>";
		};
		4FB4C182276A893000065FC0 /* Views */ = {
			isa = PBXGroup;
			children = (
				4FB4C156276A88C600065FC0 /* ViewController.swift */,
			);
			path = Views;
			sourceTree = "<group>";
		};
		4FB4C183276A893C00065FC0 /* Storyboards */ = {
			isa = PBXGroup;
			children = (
				4FB4C15D276A88C800065FC0 /* LaunchScreen.storyboard */,
				4FB4C158276A88C600065FC0 /* Main.storyboard */,
			);
			path = Storyboards;
			sourceTree = "<group>";
		};
		4FB4C184276A8A1F00065FC0 /* Cells */ = {
			isa = PBXGroup;
			children = (
				4FCDDCEC276D1CC30053BB69 /* İmage Slider Cell */,
				4F9797A5276BE9EA007537D4 /* Button Cell */,
				4F97979A276BE1DF007537D4 /* Collection View Cell */,
				4F979795276BDF81007537D4 /* Header Label Cell */,
				4FB4C18A276A8B1000065FC0 /* Search Bar */,
			);
			path = Cells;
			sourceTree = "<group>";
		};
		4FB4C18A276A8B1000065FC0 /* Search Bar */ = {
			isa = PBXGroup;
			children = (
				4FB4C185276A8AF800065FC0 /* searchBarCell.swift */,
				4FB4C186276A8AF800065FC0 /* searchBarCell.xib */,
			);
			path = "Search Bar";
			sourceTree = "<group>";
		};
		4FCDDCEC276D1CC30053BB69 /* İmage Slider Cell */ = {
			isa = PBXGroup;
			children = (
				4FCDDCF1276D1DA30053BB69 /* SliderCollectionViewCell */,
				4FCDDCED276D1CE50053BB69 /* ImageSliderCell.swift */,
				4FCDDCEE276D1CE50053BB69 /* ImageSliderCell.xib */,
			);
			name = "İmage Slider Cell";
			path = "İmage Slider Cell";
			sourceTree = "<group>";
		};
		4FCDDCF1276D1DA30053BB69 /* SliderCollectionViewCell */ = {
			isa = PBXGroup;
			children = (
				4FCDDCF2276D1DC20053BB69 /* SliderCollectionViewCell.swift */,
				4FCDDCF3276D1DC20053BB69 /* SliderCollectionViewCell.xib */,
			);
			path = SliderCollectionViewCell;
			sourceTree = "<group>";
		};
/* End PBXGroup section */

/* Begin PBXNativeTarget section */
		4FB4C14E276A88C600065FC0 /* MigrosApp */ = {
			isa = PBXNativeTarget;
			buildConfigurationList = 4FB4C179276A88C900065FC0 /* Build configuration list for PBXNativeTarget "MigrosApp" */;
			buildPhases = (
				76874ED903679F017CF8B7B3 /* [CP] Check Pods Manifest.lock */,
				4FB4C14B276A88C600065FC0 /* Sources */,
				4FB4C14C276A88C600065FC0 /* Frameworks */,
				4FB4C14D276A88C600065FC0 /* Resources */,
				A4770FD3A8238D1D07B0523D /* [CP] Embed Pods Frameworks */,
			);
			buildRules = (
			);
			dependencies = (
			);
			name = MigrosApp;
			productName = MigrosApp;
			productReference = 4FB4C14F276A88C600065FC0 /* MigrosApp.app */;
			productType = "com.apple.product-type.application";
		};
		4FB4C164276A88C800065FC0 /* MigrosAppTests */ = {
			isa = PBXNativeTarget;
			buildConfigurationList = 4FB4C17C276A88C900065FC0 /* Build configuration list for PBXNativeTarget "MigrosAppTests" */;
			buildPhases = (
				9918FA0EBD10E3F45FBFC329 /* [CP] Check Pods Manifest.lock */,
				4FB4C161276A88C800065FC0 /* Sources */,
				4FB4C162276A88C800065FC0 /* Frameworks */,
				4FB4C163276A88C800065FC0 /* Resources */,
			);
			buildRules = (
			);
			dependencies = (
				4FB4C167276A88C800065FC0 /* PBXTargetDependency */,
			);
			name = MigrosAppTests;
			productName = MigrosAppTests;
			productReference = 4FB4C165276A88C800065FC0 /* MigrosAppTests.xctest */;
			productType = "com.apple.product-type.bundle.unit-test";
		};
		4FB4C16E276A88C900065FC0 /* MigrosAppUITests */ = {
			isa = PBXNativeTarget;
			buildConfigurationList = 4FB4C17F276A88C900065FC0 /* Build configuration list for PBXNativeTarget "MigrosAppUITests" */;
			buildPhases = (
				4546D6CB8E09EBF5A916E83D /* [CP] Check Pods Manifest.lock */,
				4FB4C16B276A88C900065FC0 /* Sources */,
				4FB4C16C276A88C900065FC0 /* Frameworks */,
				4FB4C16D276A88C900065FC0 /* Resources */,
				043167646B75EE2CB95A1D6B /* [CP] Embed Pods Frameworks */,
			);
			buildRules = (
			);
			dependencies = (
				4FB4C171276A88C900065FC0 /* PBXTargetDependency */,
			);
			name = MigrosAppUITests;
			productName = MigrosAppUITests;
			productReference = 4FB4C16F276A88C900065FC0 /* MigrosAppUITests.xctest */;
			productType = "com.apple.product-type.bundle.ui-testing";
		};
/* End PBXNativeTarget section */

/* Begin PBXProject section */
		4FB4C147276A88C600065FC0 /* Project object */ = {
			isa = PBXProject;
			attributes = {
				BuildIndependentTargetsInParallel = 1;
				LastSwiftUpdateCheck = 1310;
				LastUpgradeCheck = 1310;
				TargetAttributes = {
					4FB4C14E276A88C600065FC0 = {
						CreatedOnToolsVersion = 13.1;
					};
					4FB4C164276A88C800065FC0 = {
						CreatedOnToolsVersion = 13.1;
						TestTargetID = 4FB4C14E276A88C600065FC0;
					};
					4FB4C16E276A88C900065FC0 = {
						CreatedOnToolsVersion = 13.1;
						TestTargetID = 4FB4C14E276A88C600065FC0;
					};
				};
			};
			buildConfigurationList = 4FB4C14A276A88C600065FC0 /* Build configuration list for PBXProject "MigrosApp" */;
			compatibilityVersion = "Xcode 13.0";
			developmentRegion = en;
			hasScannedForEncodings = 0;
			knownRegions = (
				en,
				Base,
			);
			mainGroup = 4FB4C146276A88C600065FC0;
			productRefGroup = 4FB4C150276A88C600065FC0 /* Products */;
			projectDirPath = "";
			projectRoot = "";
			targets = (
				4FB4C14E276A88C600065FC0 /* MigrosApp */,
				4FB4C164276A88C800065FC0 /* MigrosAppTests */,
				4FB4C16E276A88C900065FC0 /* MigrosAppUITests */,
			);
		};
/* End PBXProject section */

/* Begin PBXResourcesBuildPhase section */
		4FB4C14D276A88C600065FC0 /* Resources */ = {
			isa = PBXResourcesBuildPhase;
			buildActionMask = 2147483647;
			files = (
				4FB4C15F276A88C800065FC0 /* LaunchScreen.storyboard in Resources */,
				4FCDDCF5276D1DC20053BB69 /* SliderCollectionViewCell.xib in Resources */,
				4FB4C188276A8AF800065FC0 /* searchBarCell.xib in Resources */,
				4F9797A4276BE232007537D4 /* ProductCell.xib in Resources */,
				4FCDDCF0276D1CE50053BB69 /* ImageSliderCell.xib in Resources */,
				4F9797B2276BEB8C007537D4 /* ButtonCell.xib in Resources */,
				4F97979F276BE202007537D4 /* CollectionViewCell.xib in Resources */,
				4FB4C15C276A88C800065FC0 /* Assets.xcassets in Resources */,
				4F979799276BDFB1007537D4 /* HeaderLabelTableViewCell.xib in Resources */,
				4FB4C15A276A88C600065FC0 /* Main.storyboard in Resources */,
			);
			runOnlyForDeploymentPostprocessing = 0;
		};
		4FB4C163276A88C800065FC0 /* Resources */ = {
			isa = PBXResourcesBuildPhase;
			buildActionMask = 2147483647;
			files = (
			);
			runOnlyForDeploymentPostprocessing = 0;
		};
		4FB4C16D276A88C900065FC0 /* Resources */ = {
			isa = PBXResourcesBuildPhase;
			buildActionMask = 2147483647;
			files = (
			);
			runOnlyForDeploymentPostprocessing = 0;
		};
/* End PBXResourcesBuildPhase section */

/* Begin PBXShellScriptBuildPhase section */
		043167646B75EE2CB95A1D6B /* [CP] Embed Pods Frameworks */ = {
			isa = PBXShellScriptBuildPhase;
			buildActionMask = 2147483647;
			files = (
			);
			inputFileListPaths = (
				"${PODS_ROOT}/Target Support Files/Pods-MigrosApp-MigrosAppUITests/Pods-MigrosApp-MigrosAppUITests-frameworks-${CONFIGURATION}-input-files.xcfilelist",
			);
			name = "[CP] Embed Pods Frameworks";
			outputFileListPaths = (
				"${PODS_ROOT}/Target Support Files/Pods-MigrosApp-MigrosAppUITests/Pods-MigrosApp-MigrosAppUITests-frameworks-${CONFIGURATION}-output-files.xcfilelist",
			);
			runOnlyForDeploymentPostprocessing = 0;
			shellPath = /bin/sh;
			shellScript = "\"${PODS_ROOT}/Target Support Files/Pods-MigrosApp-MigrosAppUITests/Pods-MigrosApp-MigrosAppUITests-frameworks.sh\"\n";
			showEnvVarsInLog = 0;
		};
		4546D6CB8E09EBF5A916E83D /* [CP] Check Pods Manifest.lock */ = {
			isa = PBXShellScriptBuildPhase;
			buildActionMask = 2147483647;
			files = (
			);
			inputFileListPaths = (
			);
			inputPaths = (
				"${PODS_PODFILE_DIR_PATH}/Podfile.lock",
				"${PODS_ROOT}/Manifest.lock",
			);
			name = "[CP] Check Pods Manifest.lock";
			outputFileListPaths = (
			);
			outputPaths = (
				"$(DERIVED_FILE_DIR)/Pods-MigrosApp-MigrosAppUITests-checkManifestLockResult.txt",
			);
			runOnlyForDeploymentPostprocessing = 0;
			shellPath = /bin/sh;
			shellScript = "diff \"${PODS_PODFILE_DIR_PATH}/Podfile.lock\" \"${PODS_ROOT}/Manifest.lock\" > /dev/null\nif [ $? != 0 ] ; then\n    # print error to STDERR\n    echo \"error: The sandbox is not in sync with the Podfile.lock. Run 'pod install' or update your CocoaPods installation.\" >&2\n    exit 1\nfi\n# This output is used by Xcode 'outputs' to avoid re-running this script phase.\necho \"SUCCESS\" > \"${SCRIPT_OUTPUT_FILE_0}\"\n";
			showEnvVarsInLog = 0;
		};
		76874ED903679F017CF8B7B3 /* [CP] Check Pods Manifest.lock */ = {
			isa = PBXShellScriptBuildPhase;
			buildActionMask = 2147483647;
			files = (
			);
			inputFileListPaths = (
			);
			inputPaths = (
				"${PODS_PODFILE_DIR_PATH}/Podfile.lock",
				"${PODS_ROOT}/Manifest.lock",
			);
			name = "[CP] Check Pods Manifest.lock";
			outputFileListPaths = (
			);
			outputPaths = (
				"$(DERIVED_FILE_DIR)/Pods-MigrosApp-checkManifestLockResult.txt",
			);
			runOnlyForDeploymentPostprocessing = 0;
			shellPath = /bin/sh;
			shellScript = "diff \"${PODS_PODFILE_DIR_PATH}/Podfile.lock\" \"${PODS_ROOT}/Manifest.lock\" > /dev/null\nif [ $? != 0 ] ; then\n    # print error to STDERR\n    echo \"error: The sandbox is not in sync with the Podfile.lock. Run 'pod install' or update your CocoaPods installation.\" >&2\n    exit 1\nfi\n# This output is used by Xcode 'outputs' to avoid re-running this script phase.\necho \"SUCCESS\" > \"${SCRIPT_OUTPUT_FILE_0}\"\n";
			showEnvVarsInLog = 0;
		};
		9918FA0EBD10E3F45FBFC329 /* [CP] Check Pods Manifest.lock */ = {
			isa = PBXShellScriptBuildPhase;
			buildActionMask = 2147483647;
			files = (
			);
			inputFileListPaths = (
			);
			inputPaths = (
				"${PODS_PODFILE_DIR_PATH}/Podfile.lock",
				"${PODS_ROOT}/Manifest.lock",
			);
			name = "[CP] Check Pods Manifest.lock";
			outputFileListPaths = (
			);
			outputPaths = (
				"$(DERIVED_FILE_DIR)/Pods-MigrosAppTests-checkManifestLockResult.txt",
			);
			runOnlyForDeploymentPostprocessing = 0;
			shellPath = /bin/sh;
			shellScript = "diff \"${PODS_PODFILE_DIR_PATH}/Podfile.lock\" \"${PODS_ROOT}/Manifest.lock\" > /dev/null\nif [ $? != 0 ] ; then\n    # print error to STDERR\n    echo \"error: The sandbox is not in sync with the Podfile.lock. Run 'pod install' or update your CocoaPods installation.\" >&2\n    exit 1\nfi\n# This output is used by Xcode 'outputs' to avoid re-running this script phase.\necho \"SUCCESS\" > \"${SCRIPT_OUTPUT_FILE_0}\"\n";
			showEnvVarsInLog = 0;
		};
		A4770FD3A8238D1D07B0523D /* [CP] Embed Pods Frameworks */ = {
			isa = PBXShellScriptBuildPhase;
			buildActionMask = 2147483647;
			files = (
			);
			inputFileListPaths = (
				"${PODS_ROOT}/Target Support Files/Pods-MigrosApp/Pods-MigrosApp-frameworks-${CONFIGURATION}-input-files.xcfilelist",
			);
			name = "[CP] Embed Pods Frameworks";
			outputFileListPaths = (
				"${PODS_ROOT}/Target Support Files/Pods-MigrosApp/Pods-MigrosApp-frameworks-${CONFIGURATION}-output-files.xcfilelist",
			);
			runOnlyForDeploymentPostprocessing = 0;
			shellPath = /bin/sh;
			shellScript = "\"${PODS_ROOT}/Target Support Files/Pods-MigrosApp/Pods-MigrosApp-frameworks.sh\"\n";
			showEnvVarsInLog = 0;
		};
/* End PBXShellScriptBuildPhase section */

/* Begin PBXSourcesBuildPhase section */
		4FB4C14B276A88C600065FC0 /* Sources */ = {
			isa = PBXSourcesBuildPhase;
			buildActionMask = 2147483647;
			files = (
				4FCDDCEF276D1CE50053BB69 /* ImageSliderCell.swift in Sources */,
				4FCDDCF4276D1DC20053BB69 /* SliderCollectionViewCell.swift in Sources */,
				4FB4C157276A88C600065FC0 /* ViewController.swift in Sources */,
				4FB4C187276A8AF800065FC0 /* searchBarCell.swift in Sources */,
				4F3F4B35276D5FE90006456D /* ProductStruct.swift in Sources */,
				4F9797B1276BEB8C007537D4 /* ButtonCell.swift in Sources */,
				4F97979E276BE202007537D4 /* CollectionViewCell.swift in Sources */,
				4FB4C153276A88C600065FC0 /* AppDelegate.swift in Sources */,
				4F9797AD276BEB38007537D4 /* UIVİEW+Extensions.swift in Sources */,
				4FB4C155276A88C600065FC0 /* SceneDelegate.swift in Sources */,
				4F9797A3276BE232007537D4 /* ProductCell.swift in Sources */,
				4F979798276BDFB1007537D4 /* HeaderLabelTableViewCell.swift in Sources */,
			);
			runOnlyForDeploymentPostprocessing = 0;
		};
		4FB4C161276A88C800065FC0 /* Sources */ = {
			isa = PBXSourcesBuildPhase;
			buildActionMask = 2147483647;
			files = (
				4FB4C16A276A88C800065FC0 /* MigrosAppTests.swift in Sources */,
			);
			runOnlyForDeploymentPostprocessing = 0;
		};
		4FB4C16B276A88C900065FC0 /* Sources */ = {
			isa = PBXSourcesBuildPhase;
			buildActionMask = 2147483647;
			files = (
				4FB4C174276A88C900065FC0 /* MigrosAppUITests.swift in Sources */,
				4FB4C176276A88C900065FC0 /* MigrosAppUITestsLaunchTests.swift in Sources */,
			);
			runOnlyForDeploymentPostprocessing = 0;
		};
/* End PBXSourcesBuildPhase section */

/* Begin PBXTargetDependency section */
		4FB4C167276A88C800065FC0 /* PBXTargetDependency */ = {
			isa = PBXTargetDependency;
			target = 4FB4C14E276A88C600065FC0 /* MigrosApp */;
			targetProxy = 4FB4C166276A88C800065FC0 /* PBXContainerItemProxy */;
		};
		4FB4C171276A88C900065FC0 /* PBXTargetDependency */ = {
			isa = PBXTargetDependency;
			target = 4FB4C14E276A88C600065FC0 /* MigrosApp */;
			targetProxy = 4FB4C170276A88C900065FC0 /* PBXContainerItemProxy */;
		};
/* End PBXTargetDependency section */

/* Begin PBXVariantGroup section */
		4FB4C158276A88C600065FC0 /* Main.storyboard */ = {
			isa = PBXVariantGroup;
			children = (
				4FB4C159276A88C600065FC0 /* Base */,
			);
			name = Main.storyboard;
			sourceTree = "<group>";
		};
		4FB4C15D276A88C800065FC0 /* LaunchScreen.storyboard */ = {
			isa = PBXVariantGroup;
			children = (
				4FB4C15E276A88C800065FC0 /* Base */,
			);
			name = LaunchScreen.storyboard;
			sourceTree = "<group>";
		};
/* End PBXVariantGroup section */

/* Begin XCBuildConfiguration section */
		4FB4C177276A88C900065FC0 /* Debug */ = {
			isa = XCBuildConfiguration;
			buildSettings = {
				ALWAYS_SEARCH_USER_PATHS = NO;
				CLANG_ANALYZER_NONNULL = YES;
				CLANG_ANALYZER_NUMBER_OBJECT_CONVERSION = YES_AGGRESSIVE;
				CLANG_CXX_LANGUAGE_STANDARD = "gnu++17";
				CLANG_CXX_LIBRARY = "libc++";
				CLANG_ENABLE_MODULES = YES;
				CLANG_ENABLE_OBJC_ARC = YES;
				CLANG_ENABLE_OBJC_WEAK = YES;
				CLANG_WARN_BLOCK_CAPTURE_AUTORELEASING = YES;
				CLANG_WARN_BOOL_CONVERSION = YES;
				CLANG_WARN_COMMA = YES;
				CLANG_WARN_CONSTANT_CONVERSION = YES;
				CLANG_WARN_DEPRECATED_OBJC_IMPLEMENTATIONS = YES;
				CLANG_WARN_DIRECT_OBJC_ISA_USAGE = YES_ERROR;
				CLANG_WARN_DOCUMENTATION_COMMENTS = YES;
				CLANG_WARN_EMPTY_BODY = YES;
				CLANG_WARN_ENUM_CONVERSION = YES;
				CLANG_WARN_INFINITE_RECURSION = YES;
				CLANG_WARN_INT_CONVERSION = YES;
				CLANG_WARN_NON_LITERAL_NULL_CONVERSION = YES;
				CLANG_WARN_OBJC_IMPLICIT_RETAIN_SELF = YES;
				CLANG_WARN_OBJC_LITERAL_CONVERSION = YES;
				CLANG_WARN_OBJC_ROOT_CLASS = YES_ERROR;
				CLANG_WARN_QUOTED_INCLUDE_IN_FRAMEWORK_HEADER = YES;
				CLANG_WARN_RANGE_LOOP_ANALYSIS = YES;
				CLANG_WARN_STRICT_PROTOTYPES = YES;
				CLANG_WARN_SUSPICIOUS_MOVE = YES;
				CLANG_WARN_UNGUARDED_AVAILABILITY = YES_AGGRESSIVE;
				CLANG_WARN_UNREACHABLE_CODE = YES;
				CLANG_WARN__DUPLICATE_METHOD_MATCH = YES;
				COPY_PHASE_STRIP = NO;
				DEBUG_INFORMATION_FORMAT = dwarf;
				ENABLE_STRICT_OBJC_MSGSEND = YES;
				ENABLE_TESTABILITY = YES;
				GCC_C_LANGUAGE_STANDARD = gnu11;
				GCC_DYNAMIC_NO_PIC = NO;
				GCC_NO_COMMON_BLOCKS = YES;
				GCC_OPTIMIZATION_LEVEL = 0;
				GCC_PREPROCESSOR_DEFINITIONS = (
					"DEBUG=1",
					"$(inherited)",
				);
				GCC_WARN_64_TO_32_BIT_CONVERSION = YES;
				GCC_WARN_ABOUT_RETURN_TYPE = YES_ERROR;
				GCC_WARN_UNDECLARED_SELECTOR = YES;
				GCC_WARN_UNINITIALIZED_AUTOS = YES_AGGRESSIVE;
				GCC_WARN_UNUSED_FUNCTION = YES;
				GCC_WARN_UNUSED_VARIABLE = YES;
				IPHONEOS_DEPLOYMENT_TARGET = 15.0;
				MTL_ENABLE_DEBUG_INFO = INCLUDE_SOURCE;
				MTL_FAST_MATH = YES;
				ONLY_ACTIVE_ARCH = YES;
				SDKROOT = iphoneos;
				SWIFT_ACTIVE_COMPILATION_CONDITIONS = DEBUG;
				SWIFT_OPTIMIZATION_LEVEL = "-Onone";
			};
			name = Debug;
		};
		4FB4C178276A88C900065FC0 /* Release */ = {
			isa = XCBuildConfiguration;
			buildSettings = {
				ALWAYS_SEARCH_USER_PATHS = NO;
				CLANG_ANALYZER_NONNULL = YES;
				CLANG_ANALYZER_NUMBER_OBJECT_CONVERSION = YES_AGGRESSIVE;
				CLANG_CXX_LANGUAGE_STANDARD = "gnu++17";
				CLANG_CXX_LIBRARY = "libc++";
				CLANG_ENABLE_MODULES = YES;
				CLANG_ENABLE_OBJC_ARC = YES;
				CLANG_ENABLE_OBJC_WEAK = YES;
				CLANG_WARN_BLOCK_CAPTURE_AUTORELEASING = YES;
				CLANG_WARN_BOOL_CONVERSION = YES;
				CLANG_WARN_COMMA = YES;
				CLANG_WARN_CONSTANT_CONVERSION = YES;
				CLANG_WARN_DEPRECATED_OBJC_IMPLEMENTATIONS = YES;
				CLANG_WARN_DIRECT_OBJC_ISA_USAGE = YES_ERROR;
				CLANG_WARN_DOCUMENTATION_COMMENTS = YES;
				CLANG_WARN_EMPTY_BODY = YES;
				CLANG_WARN_ENUM_CONVERSION = YES;
				CLANG_WARN_INFINITE_RECURSION = YES;
				CLANG_WARN_INT_CONVERSION = YES;
				CLANG_WARN_NON_LITERAL_NULL_CONVERSION = YES;
				CLANG_WARN_OBJC_IMPLICIT_RETAIN_SELF = YES;
				CLANG_WARN_OBJC_LITERAL_CONVERSION = YES;
				CLANG_WARN_OBJC_ROOT_CLASS = YES_ERROR;
				CLANG_WARN_QUOTED_INCLUDE_IN_FRAMEWORK_HEADER = YES;
				CLANG_WARN_RANGE_LOOP_ANALYSIS = YES;
				CLANG_WARN_STRICT_PROTOTYPES = YES;
				CLANG_WARN_SUSPICIOUS_MOVE = YES;
				CLANG_WARN_UNGUARDED_AVAILABILITY = YES_AGGRESSIVE;
				CLANG_WARN_UNREACHABLE_CODE = YES;
				CLANG_WARN__DUPLICATE_METHOD_MATCH = YES;
				COPY_PHASE_STRIP = NO;
				DEBUG_INFORMATION_FORMAT = "dwarf-with-dsym";
				ENABLE_NS_ASSERTIONS = NO;
				ENABLE_STRICT_OBJC_MSGSEND = YES;
				GCC_C_LANGUAGE_STANDARD = gnu11;
				GCC_NO_COMMON_BLOCKS = YES;
				GCC_WARN_64_TO_32_BIT_CONVERSION = YES;
				GCC_WARN_ABOUT_RETURN_TYPE = YES_ERROR;
				GCC_WARN_UNDECLARED_SELECTOR = YES;
				GCC_WARN_UNINITIALIZED_AUTOS = YES_AGGRESSIVE;
				GCC_WARN_UNUSED_FUNCTION = YES;
				GCC_WARN_UNUSED_VARIABLE = YES;
				IPHONEOS_DEPLOYMENT_TARGET = 15.0;
				MTL_ENABLE_DEBUG_INFO = NO;
				MTL_FAST_MATH = YES;
				SDKROOT = iphoneos;
				SWIFT_COMPILATION_MODE = wholemodule;
				SWIFT_OPTIMIZATION_LEVEL = "-O";
				VALIDATE_PRODUCT = YES;
			};
			name = Release;
		};
		4FB4C17A276A88C900065FC0 /* Debug */ = {
			isa = XCBuildConfiguration;
			baseConfigurationReference = 168773D40297B790B40C28AB /* Pods-MigrosApp.debug.xcconfig */;
			buildSettings = {
				ASSETCATALOG_COMPILER_APPICON_NAME = AppIcon;
				ASSETCATALOG_COMPILER_GLOBAL_ACCENT_COLOR_NAME = AccentColor;
				CODE_SIGN_STYLE = Automatic;
				CURRENT_PROJECT_VERSION = 1;
				DEVELOPMENT_TEAM = XJ65T6XJTU;
				GENERATE_INFOPLIST_FILE = YES;
				INFOPLIST_FILE = MigrosApp/Info.plist;
				INFOPLIST_KEY_UIApplicationSupportsIndirectInputEvents = YES;
				INFOPLIST_KEY_UILaunchStoryboardName = LaunchScreen;
				INFOPLIST_KEY_UIMainStoryboardFile = Main;
				INFOPLIST_KEY_UIStatusBarHidden = NO;
				INFOPLIST_KEY_UISupportedInterfaceOrientations_iPad = "UIInterfaceOrientationPortrait UIInterfaceOrientationPortraitUpsideDown UIInterfaceOrientationLandscapeLeft UIInterfaceOrientationLandscapeRight";
				INFOPLIST_KEY_UISupportedInterfaceOrientations_iPhone = "UIInterfaceOrientationPortrait UIInterfaceOrientationLandscapeLeft UIInterfaceOrientationLandscapeRight";
				LD_RUNPATH_SEARCH_PATHS = (
					"$(inherited)",
					"@executable_path/Frameworks",
				);
				MARKETING_VERSION = 1.0;
				PRODUCT_BUNDLE_IDENTIFIER = furkankara.MigrosApp;
				PRODUCT_NAME = "$(TARGET_NAME)";
				SWIFT_EMIT_LOC_STRINGS = YES;
				SWIFT_VERSION = 5.0;
				TARGETED_DEVICE_FAMILY = "1,2";
			};
			name = Debug;
		};
		4FB4C17B276A88C900065FC0 /* Release */ = {
			isa = XCBuildConfiguration;
			baseConfigurationReference = DD0CE0037E7CC832568B3957 /* Pods-MigrosApp.release.xcconfig */;
			buildSettings = {
				ASSETCATALOG_COMPILER_APPICON_NAME = AppIcon;
				ASSETCATALOG_COMPILER_GLOBAL_ACCENT_COLOR_NAME = AccentColor;
				CODE_SIGN_STYLE = Automatic;
				CURRENT_PROJECT_VERSION = 1;
				DEVELOPMENT_TEAM = XJ65T6XJTU;
				GENERATE_INFOPLIST_FILE = YES;
				INFOPLIST_FILE = MigrosApp/Info.plist;
				INFOPLIST_KEY_UIApplicationSupportsIndirectInputEvents = YES;
				INFOPLIST_KEY_UILaunchStoryboardName = LaunchScreen;
				INFOPLIST_KEY_UIMainStoryboardFile = Main;
				INFOPLIST_KEY_UIStatusBarHidden = NO;
				INFOPLIST_KEY_UISupportedInterfaceOrientations_iPad = "UIInterfaceOrientationPortrait UIInterfaceOrientationPortraitUpsideDown UIInterfaceOrientationLandscapeLeft UIInterfaceOrientationLandscapeRight";
				INFOPLIST_KEY_UISupportedInterfaceOrientations_iPhone = "UIInterfaceOrientationPortrait UIInterfaceOrientationLandscapeLeft UIInterfaceOrientationLandscapeRight";
				LD_RUNPATH_SEARCH_PATHS = (
					"$(inherited)",
					"@executable_path/Frameworks",
				);
				MARKETING_VERSION = 1.0;
				PRODUCT_BUNDLE_IDENTIFIER = furkankara.MigrosApp;
				PRODUCT_NAME = "$(TARGET_NAME)";
				SWIFT_EMIT_LOC_STRINGS = YES;
				SWIFT_VERSION = 5.0;
				TARGETED_DEVICE_FAMILY = "1,2";
			};
			name = Release;
		};
		4FB4C17D276A88C900065FC0 /* Debug */ = {
			isa = XCBuildConfiguration;
			baseConfigurationReference = C2D00BFB36B13A70927DC76C /* Pods-MigrosAppTests.debug.xcconfig */;
			buildSettings = {
				ALWAYS_EMBED_SWIFT_STANDARD_LIBRARIES = YES;
				BUNDLE_LOADER = "$(TEST_HOST)";
				CODE_SIGN_STYLE = Automatic;
				CURRENT_PROJECT_VERSION = 1;
				DEVELOPMENT_TEAM = XJ65T6XJTU;
				GENERATE_INFOPLIST_FILE = YES;
				IPHONEOS_DEPLOYMENT_TARGET = 15.0;
				LD_RUNPATH_SEARCH_PATHS = (
					"$(inherited)",
					"@executable_path/Frameworks",
					"@loader_path/Frameworks",
				);
				MARKETING_VERSION = 1.0;
				PRODUCT_BUNDLE_IDENTIFIER = furkankara.MigrosAppTests;
				PRODUCT_NAME = "$(TARGET_NAME)";
				SWIFT_EMIT_LOC_STRINGS = NO;
				SWIFT_VERSION = 5.0;
				TARGETED_DEVICE_FAMILY = "1,2";
				TEST_HOST = "$(BUILT_PRODUCTS_DIR)/MigrosApp.app/MigrosApp";
			};
			name = Debug;
		};
		4FB4C17E276A88C900065FC0 /* Release */ = {
			isa = XCBuildConfiguration;
			baseConfigurationReference = DAA5D54FFCAE928C71508359 /* Pods-MigrosAppTests.release.xcconfig */;
			buildSettings = {
				ALWAYS_EMBED_SWIFT_STANDARD_LIBRARIES = YES;
				BUNDLE_LOADER = "$(TEST_HOST)";
				CODE_SIGN_STYLE = Automatic;
				CURRENT_PROJECT_VERSION = 1;
				DEVELOPMENT_TEAM = XJ65T6XJTU;
				GENERATE_INFOPLIST_FILE = YES;
				IPHONEOS_DEPLOYMENT_TARGET = 15.0;
				LD_RUNPATH_SEARCH_PATHS = (
					"$(inherited)",
					"@executable_path/Frameworks",
					"@loader_path/Frameworks",
				);
				MARKETING_VERSION = 1.0;
				PRODUCT_BUNDLE_IDENTIFIER = furkankara.MigrosAppTests;
				PRODUCT_NAME = "$(TARGET_NAME)";
				SWIFT_EMIT_LOC_STRINGS = NO;
				SWIFT_VERSION = 5.0;
				TARGETED_DEVICE_FAMILY = "1,2";
				TEST_HOST = "$(BUILT_PRODUCTS_DIR)/MigrosApp.app/MigrosApp";
			};
			name = Release;
		};
		4FB4C180276A88C900065FC0 /* Debug */ = {
			isa = XCBuildConfiguration;
			baseConfigurationReference = 3A80E45B9529BD59AB30E9D3 /* Pods-MigrosApp-MigrosAppUITests.debug.xcconfig */;
			buildSettings = {
				ALWAYS_EMBED_SWIFT_STANDARD_LIBRARIES = YES;
				CODE_SIGN_STYLE = Automatic;
				CURRENT_PROJECT_VERSION = 1;
				DEVELOPMENT_TEAM = XJ65T6XJTU;
				GENERATE_INFOPLIST_FILE = YES;
				LD_RUNPATH_SEARCH_PATHS = (
					"$(inherited)",
					"@executable_path/Frameworks",
					"@loader_path/Frameworks",
				);
				MARKETING_VERSION = 1.0;
				PRODUCT_BUNDLE_IDENTIFIER = furkankara.MigrosAppUITests;
				PRODUCT_NAME = "$(TARGET_NAME)";
				SWIFT_EMIT_LOC_STRINGS = NO;
				SWIFT_VERSION = 5.0;
				TARGETED_DEVICE_FAMILY = "1,2";
				TEST_TARGET_NAME = MigrosApp;
			};
			name = Debug;
		};
		4FB4C181276A88C900065FC0 /* Release */ = {
			isa = XCBuildConfiguration;
			baseConfigurationReference = 9E2C7E06150748BBBC8A831B /* Pods-MigrosApp-MigrosAppUITests.release.xcconfig */;
			buildSettings = {
				ALWAYS_EMBED_SWIFT_STANDARD_LIBRARIES = YES;
				CODE_SIGN_STYLE = Automatic;
				CURRENT_PROJECT_VERSION = 1;
				DEVELOPMENT_TEAM = XJ65T6XJTU;
				GENERATE_INFOPLIST_FILE = YES;
				LD_RUNPATH_SEARCH_PATHS = (
					"$(inherited)",
					"@executable_path/Frameworks",
					"@loader_path/Frameworks",
				);
				MARKETING_VERSION = 1.0;
				PRODUCT_BUNDLE_IDENTIFIER = furkankara.MigrosAppUITests;
				PRODUCT_NAME = "$(TARGET_NAME)";
				SWIFT_EMIT_LOC_STRINGS = NO;
				SWIFT_VERSION = 5.0;
				TARGETED_DEVICE_FAMILY = "1,2";
				TEST_TARGET_NAME = MigrosApp;
			};
			name = Release;
		};
/* End XCBuildConfiguration section */

/* Begin XCConfigurationList section */
		4FB4C14A276A88C600065FC0 /* Build configuration list for PBXProject "MigrosApp" */ = {
			isa = XCConfigurationList;
			buildConfigurations = (
				4FB4C177276A88C900065FC0 /* Debug */,
				4FB4C178276A88C900065FC0 /* Release */,
			);
			defaultConfigurationIsVisible = 0;
			defaultConfigurationName = Release;
		};
		4FB4C179276A88C900065FC0 /* Build configuration list for PBXNativeTarget "MigrosApp" */ = {
			isa = XCConfigurationList;
			buildConfigurations = (
				4FB4C17A276A88C900065FC0 /* Debug */,
				4FB4C17B276A88C900065FC0 /* Release */,
			);
			defaultConfigurationIsVisible = 0;
			defaultConfigurationName = Release;
		};
		4FB4C17C276A88C900065FC0 /* Build configuration list for PBXNativeTarget "MigrosAppTests" */ = {
			isa = XCConfigurationList;
			buildConfigurations = (
				4FB4C17D276A88C900065FC0 /* Debug */,
				4FB4C17E276A88C900065FC0 /* Release */,
			);
			defaultConfigurationIsVisible = 0;
			defaultConfigurationName = Release;
		};
		4FB4C17F276A88C900065FC0 /* Build configuration list for PBXNativeTarget "MigrosAppUITests" */ = {
			isa = XCConfigurationList;
			buildConfigurations = (
				4FB4C180276A88C900065FC0 /* Debug */,
				4FB4C181276A88C900065FC0 /* Release */,
			);
			defaultConfigurationIsVisible = 0;
			defaultConfigurationName = Release;
		};
/* End XCConfigurationList section */
	};
	rootObject = 4FB4C147276A88C600065FC0 /* Project object */;
}
